
Microsoft Visual Studio Solution File, Format Version 12.00
# Visual Studio Version 17
VisualStudioVersion = 17.3.32929.385
MinimumVisualStudioVersion = 10.0.40219.1
Project("{9A19103F-16F7-4668-BE54-9A1E7A4F7556}") = "Translumo", "src\Translumo\Translumo.csproj", "{01D957E6-7E62-4EBB-910E-04D7EA8877A6}"
EndProject
Project("{9A19103F-16F7-4668-BE54-9A1E7A4F7556}") = "Translumo.Infrastructure", "src\Translumo.Infrastructure\Translumo.Infrastructure.csproj", "{BD488C1C-5B7A-4EC1-9826-4B8973A76348}"
EndProject
Project("{2150E333-8FDC-42A3-9474-1A3956D46DE8}") = "Solution Items", "Solution Items", "{C48B1480-5935-4C90-9EDD-E30485AB2124}"
	ProjectSection(SolutionItems) = preProject
		.editorconfig = .editorconfig
	EndProjectSection
EndProject
Project("{9A19103F-16F7-4668-BE54-9A1E7A4F7556}") = "Translumo.OCR", "src\Translumo.OCR\Translumo.OCR.csproj", "{1901D1F8-CF7E-44A5-8CF0-35ECF5CEF18E}"
EndProject
Project("{9A19103F-16F7-4668-BE54-9A1E7A4F7556}") = "Translumo.Utils", "src\Translumo.Utils\Translumo.Utils.csproj", "{DBFA83C9-3493-4FFA-8F67-B8751049D246}"
EndProject
Project("{9A19103F-16F7-4668-BE54-9A1E7A4F7556}") = "Translumo.Translation", "src\Translumo.Translation\Translumo.Translation.csproj", "{EA39FB76-C903-4F72-A8AA-66A69A643AE2}"
EndProject
Project("{9A19103F-16F7-4668-BE54-9A1E7A4F7556}") = "Translumo.Processing", "src\Translumo.Processing\Translumo.Processing.csproj", "{01C146C8-F14C-48E0-BECB-2587392AD1DC}"
EndProject
Project("{FAE04EC0-301F-11D3-BF4B-00C04F79EFBC}") = "Translumo.TTS", "src\Translumo.TTS\Translumo.TTS.csproj", "{03241C57-B380-45E9-92D6-2308A93DC0DB}"
EndProject
Project("{2150E333-8FDC-42A3-9474-1A3956D46DE8}") = "Tests", "Tests", "{F8B7E1A2-8B4C-4D5E-9F6A-1B2C3D4E5F6A}"
EndProject
Project("{9A19103F-16F7-4668-BE54-9A1E7A4F7556}") = "Translumo.Utils.Tests", "tests\Translumo.Utils.Tests\Translumo.Utils.Tests.csproj", "{A1B2C3D4-E5F6-7890-ABCD-EF1234567890}"
EndProject
Project("{9A19103F-16F7-4668-BE54-9A1E7A4F7556}") = "Translumo.Infrastructure.Tests", "tests\Translumo.Infrastructure.Tests\Translumo.Infrastructure.Tests.csproj", "{B2C3D4E5-F6A7-8901-BCDE-F23456789012}"
EndProject
Project("{9A19103F-16F7-4668-BE54-9A1E7A4F7556}") = "Translumo.Processing.Tests", "tests\Translumo.Processing.Tests\Translumo.Processing.Tests.csproj", "{C3D4E5F6-A7B8-9012-CDEF-345678901234}"
EndProject
Project("{9A19103F-16F7-4668-BE54-9A1E7A4F7556}") = "Translumo.OCR.Tests", "tests\Translumo.OCR.Tests\Translumo.OCR.Tests.csproj", "{D4E5F6A7-B8C9-0123-DEF4-56789012345A}"
EndProject
Project("{9A19103F-16F7-4668-BE54-9A1E7A4F7556}") = "Translumo.Translation.Tests", "tests\Translumo.Translation.Tests\Translumo.Translation.Tests.csproj", "{E5F6A7B8-C9D0-1234-EF56-789012345ABC}"
EndProject
Project("{9A19103F-16F7-4668-BE54-9A1E7A4F7556}") = "Translumo.TTS.Tests", "tests\Translumo.TTS.Tests\Translumo.TTS.Tests.csproj", "{F6A7B8C9-D0E1-2345-F678-90123456ABCD}"
EndProject
Project("{9A19103F-16F7-4668-BE54-9A1E7A4F7556}") = "Translumo.Integration.Tests", "tests\Translumo.Integration.Tests\Translumo.Integration.Tests.csproj", "{A7B8C9D0-E1F2-3456-789A-BCDEF0123456}"
EndProject
Global
	GlobalSection(SolutionConfigurationPlatforms) = preSolution
		Debug|Any CPU = Debug|Any CPU
		Release|Any CPU = Release|Any CPU
	EndGlobalSection
	GlobalSection(ProjectConfigurationPlatforms) = postSolution
		{01D957E6-7E62-4EBB-910E-04D7EA8877A6}.Debug|Any CPU.ActiveCfg = Debug|Any CPU
		{01D957E6-7E62-4EBB-910E-04D7EA8877A6}.Debug|Any CPU.Build.0 = Debug|Any CPU
		{01D957E6-7E62-4EBB-910E-04D7EA8877A6}.Release|Any CPU.ActiveCfg = Release|Any CPU
		{01D957E6-7E62-4EBB-910E-04D7EA8877A6}.Release|Any CPU.Build.0 = Release|Any CPU
		{BD488C1C-5B7A-4EC1-9826-4B8973A76348}.Debug|Any CPU.ActiveCfg = Debug|Any CPU
		{BD488C1C-5B7A-4EC1-9826-4B8973A76348}.Debug|Any CPU.Build.0 = Debug|Any CPU
		{BD488C1C-5B7A-4EC1-9826-4B8973A76348}.Release|Any CPU.ActiveCfg = Release|Any CPU
		{BD488C1C-5B7A-4EC1-9826-4B8973A76348}.Release|Any CPU.Build.0 = Release|Any CPU
		{1901D1F8-CF7E-44A5-8CF0-35ECF5CEF18E}.Debug|Any CPU.ActiveCfg = Debug|Any CPU
		{1901D1F8-CF7E-44A5-8CF0-35ECF5CEF18E}.Debug|Any CPU.Build.0 = Debug|Any CPU
		{1901D1F8-CF7E-44A5-8CF0-35ECF5CEF18E}.Release|Any CPU.ActiveCfg = Release|Any CPU
		{1901D1F8-CF7E-44A5-8CF0-35ECF5CEF18E}.Release|Any CPU.Build.0 = Release|Any CPU
		{DBFA83C9-3493-4FFA-8F67-B8751049D246}.Debug|Any CPU.ActiveCfg = Debug|Any CPU
		{DBFA83C9-3493-4FFA-8F67-B8751049D246}.Debug|Any CPU.Build.0 = Debug|Any CPU
		{DBFA83C9-3493-4FFA-8F67-B8751049D246}.Release|Any CPU.ActiveCfg = Release|Any CPU
		{DBFA83C9-3493-4FFA-8F67-B8751049D246}.Release|Any CPU.Build.0 = Release|Any CPU
		{EA39FB76-C903-4F72-A8AA-66A69A643AE2}.Debug|Any CPU.ActiveCfg = Debug|Any CPU
		{EA39FB76-C903-4F72-A8AA-66A69A643AE2}.Debug|Any CPU.Build.0 = Debug|Any CPU
		{EA39FB76-C903-4F72-A8AA-66A69A643AE2}.Release|Any CPU.ActiveCfg = Release|Any CPU
		{EA39FB76-C903-4F72-A8AA-66A69A643AE2}.Release|Any CPU.Build.0 = Release|Any CPU
		{01C146C8-F14C-48E0-BECB-2587392AD1DC}.Debug|Any CPU.ActiveCfg = Debug|Any CPU
		{01C146C8-F14C-48E0-BECB-2587392AD1DC}.Debug|Any CPU.Build.0 = Debug|Any CPU
		{01C146C8-F14C-48E0-BECB-2587392AD1DC}.Release|Any CPU.ActiveCfg = Release|Any CPU
		{01C146C8-F14C-48E0-BECB-2587392AD1DC}.Release|Any CPU.Build.0 = Release|Any CPU
		{03241C57-B380-45E9-92D6-2308A93DC0DB}.Debug|Any CPU.ActiveCfg = Debug|Any CPU
		{03241C57-B380-45E9-92D6-2308A93DC0DB}.Debug|Any CPU.Build.0 = Debug|Any CPU
		{03241C57-B380-45E9-92D6-2308A93DC0DB}.Release|Any CPU.ActiveCfg = Release|Any CPU
		{03241C57-B380-45E9-92D6-2308A93DC0DB}.Release|Any CPU.Build.0 = Release|Any CPU
		{A1B2C3D4-E5F6-7890-ABCD-EF1234567890}.Debug|Any CPU.ActiveCfg = Debug|Any CPU
		{A1B2C3D4-E5F6-7890-ABCD-EF1234567890}.Debug|Any CPU.Build.0 = Debug|Any CPU
		{A1B2C3D4-E5F6-7890-ABCD-EF1234567890}.Release|Any CPU.ActiveCfg = Release|Any CPU
		{A1B2C3D4-E5F6-7890-ABCD-EF1234567890}.Release|Any CPU.Build.0 = Release|Any CPU
		{B2C3D4E5-F6A7-8901-BCDE-F23456789012}.Debug|Any CPU.ActiveCfg = Debug|Any CPU
		{B2C3D4E5-F6A7-8901-BCDE-F23456789012}.Debug|Any CPU.Build.0 = Debug|Any CPU
		{B2C3D4E5-F6A7-8901-BCDE-F23456789012}.Release|Any CPU.ActiveCfg = Release|Any CPU
		{B2C3D4E5-F6A7-8901-BCDE-F23456789012}.Release|Any CPU.Build.0 = Release|Any CPU
		{C3D4E5F6-A7B8-9012-CDEF-345678901234}.Debug|Any CPU.ActiveCfg = Debug|Any CPU
		{C3D4E5F6-A7B8-9012-CDEF-345678901234}.Debug|Any CPU.Build.0 = Debug|Any CPU
		{C3D4E5F6-A7B8-9012-CDEF-345678901234}.Release|Any CPU.ActiveCfg = Release|Any CPU
		{C3D4E5F6-A7B8-9012-CDEF-345678901234}.Release|Any CPU.Build.0 = Release|Any CPU
		{D4E5F6A7-B8C9-0123-DEF4-56789012345A}.Debug|Any CPU.ActiveCfg = Debug|Any CPU
		{D4E5F6A7-B8C9-0123-DEF4-56789012345A}.Debug|Any CPU.Build.0 = Debug|Any CPU
		{D4E5F6A7-B8C9-0123-DEF4-56789012345A}.Release|Any CPU.ActiveCfg = Release|Any CPU
		{D4E5F6A7-B8C9-0123-DEF4-56789012345A}.Release|Any CPU.Build.0 = Release|Any CPU
		{E5F6A7B8-C9D0-1234-EF56-789012345ABC}.Debug|Any CPU.ActiveCfg = Debug|Any CPU
		{E5F6A7B8-C9D0-1234-EF56-789012345ABC}.Debug|Any CPU.Build.0 = Debug|Any CPU
		{E5F6A7B8-C9D0-1234-EF56-789012345ABC}.Release|Any CPU.ActiveCfg = Release|Any CPU
		{E5F6A7B8-C9D0-1234-EF56-789012345ABC}.Release|Any CPU.Build.0 = Release|Any CPU
		{F6A7B8C9-D0E1-2345-F678-90123456ABCD}.Debug|Any CPU.ActiveCfg = Debug|Any CPU
		{F6A7B8C9-D0E1-2345-F678-90123456ABCD}.Debug|Any CPU.Build.0 = Debug|Any CPU
		{F6A7B8C9-D0E1-2345-F678-90123456ABCD}.Release|Any CPU.ActiveCfg = Release|Any CPU
		{F6A7B8C9-D0E1-2345-F678-90123456ABCD}.Release|Any CPU.Build.0 = Release|Any CPU
		{A7B8C9D0-E1F2-3456-789A-BCDEF0123456}.Debug|Any CPU.ActiveCfg = Debug|Any CPU
		{A7B8C9D0-E1F2-3456-789A-BCDEF0123456}.Debug|Any CPU.Build.0 = Debug|Any CPU
		{A7B8C9D0-E1F2-3456-789A-BCDEF0123456}.Release|Any CPU.ActiveCfg = Release|Any CPU
		{A7B8C9D0-E1F2-3456-789A-BCDEF0123456}.Release|Any CPU.Build.0 = Release|Any CPU
	EndGlobalSection
	GlobalSection(NestedProjects) = preSolution
		{A1B2C3D4-E5F6-7890-ABCD-EF1234567890} = {F8B7E1A2-8B4C-4D5E-9F6A-1B2C3D4E5F6A}
		{B2C3D4E5-F6A7-8901-BCDE-F23456789012} = {F8B7E1A2-8B4C-4D5E-9F6A-1B2C3D4E5F6A}
		{C3D4E5F6-A7B8-9012-CDEF-345678901234} = {F8B7E1A2-8B4C-4D5E-9F6A-1B2C3D4E5F6A}
		{D4E5F6A7-B8C9-0123-DEF4-56789012345A} = {F8B7E1A2-8B4C-4D5E-9F6A-1B2C3D4E5F6A}
		{E5F6A7B8-C9D0-1234-EF56-789012345ABC} = {F8B7E1A2-8B4C-4D5E-9F6A-1B2C3D4E5F6A}
		{F6A7B8C9-D0E1-2345-F678-90123456ABCD} = {F8B7E1A2-8B4C-4D5E-9F6A-1B2C3D4E5F6A}
		{A7B8C9D0-E1F2-3456-789A-BCDEF0123456} = {F8B7E1A2-8B4C-4D5E-9F6A-1B2C3D4E5F6A}
	EndGlobalSection
	GlobalSection(SolutionProperties) = preSolution
		HideSolutionNode = FALSE
	EndGlobalSection
	GlobalSection(ExtensibilityGlobals) = postSolution
		SolutionGuid = {6A02922C-035F-409D-A4B1-49801954F57E}
	EndGlobalSection
EndGlobal
